// !$*UTF8*$!
{
	archiveVersion = 1;
	classes = {
	};
	objectVersion = 55;
	objects = {

/* Begin PBXBuildFile section */
		82882E8E271DA40B00BA5CCB /* AppDelegate.swift in Sources */ = {isa = PBXBuildFile; fileRef = 82882E8D271DA40B00BA5CCB /* AppDelegate.swift */; };
		82882E92271DA40B00BA5CCB /* ViewController.swift in Sources */ = {isa = PBXBuildFile; fileRef = 82882E91271DA40B00BA5CCB /* ViewController.swift */; };
		82882E97271DA40D00BA5CCB /* Assets.xcassets in Resources */ = {isa = PBXBuildFile; fileRef = 82882E96271DA40D00BA5CCB /* Assets.xcassets */; };
		82882EA2271DAF4E00BA5CCB /* Elefante.swift in Sources */ = {isa = PBXBuildFile; fileRef = 82882EA1271DAF4E00BA5CCB /* Elefante.swift */; };
		82882EA6271DBD0A00BA5CCB /* API.swift in Sources */ = {isa = PBXBuildFile; fileRef = 82882EA5271DBD0A00BA5CCB /* API.swift */; };
		82882EA8271DBE1D00BA5CCB /* EndPoints.swift in Sources */ = {isa = PBXBuildFile; fileRef = 82882EA7271DBE1D00BA5CCB /* EndPoints.swift */; };
		82882EAA271DC25000BA5CCB /* HTTPMethod.swift in Sources */ = {isa = PBXBuildFile; fileRef = 82882EA9271DC25000BA5CCB /* HTTPMethod.swift */; };
		82882EAC271E03CC00BA5CCB /* DetailViewController.swift in Sources */ = {isa = PBXBuildFile; fileRef = 82882EAB271E03CC00BA5CCB /* DetailViewController.swift */; };
		82CE953F27203B3A00773FFB /* Species.swift in Sources */ = {isa = PBXBuildFile; fileRef = 82CE953E27203B3A00773FFB /* Species.swift */; };
		82CEF95D271EF1BA004E0AA9 /* Sex.swift in Sources */ = {isa = PBXBuildFile; fileRef = 82CEF95C271EF1BA004E0AA9 /* Sex.swift */; };
/* End PBXBuildFile section */

/* Begin PBXFileReference section */
		82882E8A271DA40B00BA5CCB /* Elefantes.app */ = {isa = PBXFileReference; explicitFileType = wrapper.application; includeInIndex = 0; path = Elefantes.app; sourceTree = BUILT_PRODUCTS_DIR; };
		82882E8D271DA40B00BA5CCB /* AppDelegate.swift */ = {isa = PBXFileReference; lastKnownFileType = sourcecode.swift; path = AppDelegate.swift; sourceTree = "<group>"; };
		82882E91271DA40B00BA5CCB /* ViewController.swift */ = {isa = PBXFileReference; lastKnownFileType = sourcecode.swift; path = ViewController.swift; sourceTree = "<group>"; };
		82882E96271DA40D00BA5CCB /* Assets.xcassets */ = {isa = PBXFileReference; lastKnownFileType = folder.assetcatalog; path = Assets.xcassets; sourceTree = "<group>"; };
		82882E9B271DA40D00BA5CCB /* Info.plist */ = {isa = PBXFileReference; lastKnownFileType = text.plist.xml; path = Info.plist; sourceTree = "<group>"; };
		82882EA1271DAF4E00BA5CCB /* Elefante.swift */ = {isa = PBXFileReference; lastKnownFileType = sourcecode.swift; path = Elefante.swift; sourceTree = "<group>"; };
		82882EA5271DBD0A00BA5CCB /* API.swift */ = {isa = PBXFileReference; lastKnownFileType = sourcecode.swift; path = API.swift; sourceTree = "<group>"; };
		82882EA7271DBE1D00BA5CCB /* EndPoints.swift */ = {isa = PBXFileReference; lastKnownFileType = sourcecode.swift; path = EndPoints.swift; sourceTree = "<group>"; };
		82882EA9271DC25000BA5CCB /* HTTPMethod.swift */ = {isa = PBXFileReference; lastKnownFileType = sourcecode.swift; path = HTTPMethod.swift; sourceTree = "<group>"; };
		82882EAB271E03CC00BA5CCB /* DetailViewController.swift */ = {isa = PBXFileReference; lastKnownFileType = sourcecode.swift; path = DetailViewController.swift; sourceTree = "<group>"; };
		82CE953E27203B3A00773FFB /* Species.swift */ = {isa = PBXFileReference; lastKnownFileType = sourcecode.swift; path = Species.swift; sourceTree = "<group>"; };
		82CEF95C271EF1BA004E0AA9 /* Sex.swift */ = {isa = PBXFileReference; lastKnownFileType = sourcecode.swift; path = Sex.swift; sourceTree = "<group>"; };
/* End PBXFileReference section */

/* Begin PBXFrameworksBuildPhase section */
		82882E87271DA40B00BA5CCB /* Frameworks */ = {
			isa = PBXFrameworksBuildPhase;
			buildActionMask = 2147483647;
			files = (
			);
			runOnlyForDeploymentPostprocessing = 0;
		};
/* End PBXFrameworksBuildPhase section */

/* Begin PBXGroup section */
		82882E81271DA40B00BA5CCB = {
			isa = PBXGroup;
			children = (
				82882E8C271DA40B00BA5CCB /* Elefantes */,
				82882E8B271DA40B00BA5CCB /* Products */,
			);
			sourceTree = "<group>";
		};
		82882E8B271DA40B00BA5CCB /* Products */ = {
			isa = PBXGroup;
			children = (
				82882E8A271DA40B00BA5CCB /* Elefantes.app */,
			);
			name = Products;
			sourceTree = "<group>";
		};
		82882E8C271DA40B00BA5CCB /* Elefantes */ = {
			isa = PBXGroup;
			children = (
				82882E8D271DA40B00BA5CCB /* AppDelegate.swift */,
				82882EA4271DB60300BA5CCB /* Controllers */,
				82882EA3271DB5EB00BA5CCB /* Models */,
				82882E96271DA40D00BA5CCB /* Assets.xcassets */,
				82882E9B271DA40D00BA5CCB /* Info.plist */,
			);
			path = Elefantes;
			sourceTree = "<group>";
		};
		82882EA3271DB5EB00BA5CCB /* Models */ = {
			isa = PBXGroup;
			children = (
				82882EA1271DAF4E00BA5CCB /* Elefante.swift */,
				82882EA9271DC25000BA5CCB /* HTTPMethod.swift */,
				82882EA5271DBD0A00BA5CCB /* API.swift */,
				82882EA7271DBE1D00BA5CCB /* EndPoints.swift */,
				82CEF95C271EF1BA004E0AA9 /* Sex.swift */,
				82CE953E27203B3A00773FFB /* Species.swift */,
			);
			path = Models;
			sourceTree = "<group>";
		};
		82882EA4271DB60300BA5CCB /* Controllers */ = {
			isa = PBXGroup;
			children = (
				82882E91271DA40B00BA5CCB /* ViewController.swift */,
				82882EAB271E03CC00BA5CCB /* DetailViewController.swift */,
			);
			path = Controllers;
			sourceTree = "<group>";
		};
/* End PBXGroup section */

/* Begin PBXNativeTarget section */
		82882E89271DA40B00BA5CCB /* Elefantes */ = {
			isa = PBXNativeTarget;
			buildConfigurationList = 82882E9E271DA40D00BA5CCB /* Build configuration list for PBXNativeTarget "Elefantes" */;
			buildPhases = (
				82882E86271DA40B00BA5CCB /* Sources */,
				82882E87271DA40B00BA5CCB /* Frameworks */,
				82882E88271DA40B00BA5CCB /* Resources */,
			);
			buildRules = (
			);
			dependencies = (
			);
			name = Elefantes;
			productName = Elefantes;
			productReference = 82882E8A271DA40B00BA5CCB /* Elefantes.app */;
			productType = "com.apple.product-type.application";
		};
/* End PBXNativeTarget section */

/* Begin PBXProject section */
		82882E82271DA40B00BA5CCB /* Project object */ = {
			isa = PBXProject;
			attributes = {
				BuildIndependentTargetsInParallel = 1;
				LastSwiftUpdateCheck = 1300;
				LastUpgradeCheck = 1300;
				TargetAttributes = {
					82882E89271DA40B00BA5CCB = {
						CreatedOnToolsVersion = 13.0;
					};
				};
			};
			buildConfigurationList = 82882E85271DA40B00BA5CCB /* Build configuration list for PBXProject "Elefantes" */;
			compatibilityVersion = "Xcode 13.0";
			developmentRegion = en;
			hasScannedForEncodings = 0;
			knownRegions = (
				en,
				Base,
			);
			mainGroup = 82882E81271DA40B00BA5CCB;
			productRefGroup = 82882E8B271DA40B00BA5CCB /* Products */;
			projectDirPath = "";
			projectRoot = "";
			targets = (
				82882E89271DA40B00BA5CCB /* Elefantes */,
			);
		};
/* End PBXProject section */

/* Begin PBXResourcesBuildPhase section */
		82882E88271DA40B00BA5CCB /* Resources */ = {
			isa = PBXResourcesBuildPhase;
			buildActionMask = 2147483647;
			files = (
				82882E97271DA40D00BA5CCB /* Assets.xcassets in Resources */,
			);
			runOnlyForDeploymentPostprocessing = 0;
		};
/* End PBXResourcesBuildPhase section */

/* Begin PBXSourcesBuildPhase section */
		82882E86271DA40B00BA5CCB /* Sources */ = {
			isa = PBXSourcesBuildPhase;
			buildActionMask = 2147483647;
			files = (
				82882E92271DA40B00BA5CCB /* ViewController.swift in Sources */,
				82882EA8271DBE1D00BA5CCB /* EndPoints.swift in Sources */,
				82882EA2271DAF4E00BA5CCB /* Elefante.swift in Sources */,
				82882EA6271DBD0A00BA5CCB /* API.swift in Sources */,
				82CEF95D271EF1BA004E0AA9 /* Sex.swift in Sources */,
				82882E8E271DA40B00BA5CCB /* AppDelegate.swift in Sources */,
				82882EAA271DC25000BA5CCB /* HTTPMethod.swift in Sources */,
				82CE953F27203B3A00773FFB /* Species.swift in Sources */,
				82882EAC271E03CC00BA5CCB /* DetailViewController.swift in Sources */,
			);
			runOnlyForDeploymentPostprocessing = 0;
		};
/* End PBXSourcesBuildPhase section */

/* Begin XCBuildConfiguration section */
		82882E9C271DA40D00BA5CCB /* Debug */ = {
			isa = XCBuildConfiguration;
			buildSettings = {
				ALWAYS_SEARCH_USER_PATHS = NO;
				CLANG_ANALYZER_NONNULL = YES;
				CLANG_ANALYZER_NUMBER_OBJECT_CONVERSION = YES_AGGRESSIVE;
				CLANG_CXX_LANGUAGE_STANDARD = "gnu++17";
				CLANG_CXX_LIBRARY = "libc++";
				CLANG_ENABLE_MODULES = YES;
				CLANG_ENABLE_OBJC_ARC = YES;
				CLANG_ENABLE_OBJC_WEAK = YES;
				CLANG_WARN_BLOCK_CAPTURE_AUTORELEASING = YES;
				CLANG_WARN_BOOL_CONVERSION = YES;
				CLANG_WARN_COMMA = YES;
				CLANG_WARN_CONSTANT_CONVERSION = YES;
				CLANG_WARN_DEPRECATED_OBJC_IMPLEMENTATIONS = YES;
				CLANG_WARN_DIRECT_OBJC_ISA_USAGE = YES_ERROR;
				CLANG_WARN_DOCUMENTATION_COMMENTS = YES;
				CLANG_WARN_EMPTY_BODY = YES;
				CLANG_WARN_ENUM_CONVERSION = YES;
				CLANG_WARN_INFINITE_RECURSION = YES;
				CLANG_WARN_INT_CONVERSION = YES;
				CLANG_WARN_NON_LITERAL_NULL_CONVERSION = YES;
				CLANG_WARN_OBJC_IMPLICIT_RETAIN_SELF = YES;
				CLANG_WARN_OBJC_LITERAL_CONVERSION = YES;
				CLANG_WARN_OBJC_ROOT_CLASS = YES_ERROR;
				CLANG_WARN_QUOTED_INCLUDE_IN_FRAMEWORK_HEADER = YES;
				CLANG_WARN_RANGE_LOOP_ANALYSIS = YES;
				CLANG_WARN_STRICT_PROTOTYPES = YES;
				CLANG_WARN_SUSPICIOUS_MOVE = YES;
				CLANG_WARN_UNGUARDED_AVAILABILITY = YES_AGGRESSIVE;
				CLANG_WARN_UNREACHABLE_CODE = YES;
				CLANG_WARN__DUPLICATE_METHOD_MATCH = YES;
				COPY_PHASE_STRIP = NO;
				DEBUG_INFORMATION_FORMAT = dwarf;
				ENABLE_STRICT_OBJC_MSGSEND = YES;
				ENABLE_TESTABILITY = YES;
				GCC_C_LANGUAGE_STANDARD = gnu11;
				GCC_DYNAMIC_NO_PIC = NO;
				GCC_NO_COMMON_BLOCKS = YES;
				GCC_OPTIMIZATION_LEVEL = 0;
				GCC_PREPROCESSOR_DEFINITIONS = (
					"DEBUG=1",
					"$(inherited)",
				);
				GCC_WARN_64_TO_32_BIT_CONVERSION = YES;
				GCC_WARN_ABOUT_RETURN_TYPE = YES_ERROR;
				GCC_WARN_UNDECLARED_SELECTOR = YES;
				GCC_WARN_UNINITIALIZED_AUTOS = YES_AGGRESSIVE;
				GCC_WARN_UNUSED_FUNCTION = YES;
				GCC_WARN_UNUSED_VARIABLE = YES;
				IPHONEOS_DEPLOYMENT_TARGET = 15.0;
				MTL_ENABLE_DEBUG_INFO = INCLUDE_SOURCE;
				MTL_FAST_MATH = YES;
				ONLY_ACTIVE_ARCH = YES;
				SDKROOT = iphoneos;
				SWIFT_ACTIVE_COMPILATION_CONDITIONS = DEBUG;
				SWIFT_OPTIMIZATION_LEVEL = "-Onone";
			};
			name = Debug;
		};
		82882E9D271DA40D00BA5CCB /* Release */ = {
			isa = XCBuildConfiguration;
			buildSettings = {
				ALWAYS_SEARCH_USER_PATHS = NO;
				CLANG_ANALYZER_NONNULL = YES;
				CLANG_ANALYZER_NUMBER_OBJECT_CONVERSION = YES_AGGRESSIVE;
				CLANG_CXX_LANGUAGE_STANDARD = "gnu++17";
				CLANG_CXX_LIBRARY = "libc++";
				CLANG_ENABLE_MODULES = YES;
				CLANG_ENABLE_OBJC_ARC = YES;
				CLANG_ENABLE_OBJC_WEAK = YES;
				CLANG_WARN_BLOCK_CAPTURE_AUTORELEASING = YES;
				CLANG_WARN_BOOL_CONVERSION = YES;
				CLANG_WARN_COMMA = YES;
				CLANG_WARN_CONSTANT_CONVERSION = YES;
				CLANG_WARN_DEPRECATED_OBJC_IMPLEMENTATIONS = YES;
				CLANG_WARN_DIRECT_OBJC_ISA_USAGE = YES_ERROR;
				CLANG_WARN_DOCUMENTATION_COMMENTS = YES;
				CLANG_WARN_EMPTY_BODY = YES;
				CLANG_WARN_ENUM_CONVERSION = YES;
				CLANG_WARN_INFINITE_RECURSION = YES;
				CLANG_WARN_INT_CONVERSION = YES;
				CLANG_WARN_NON_LITERAL_NULL_CONVERSION = YES;
				CLANG_WARN_OBJC_IMPLICIT_RETAIN_SELF = YES;
				CLANG_WARN_OBJC_LITERAL_CONVERSION = YES;
				CLANG_WARN_OBJC_ROOT_CLASS = YES_ERROR;
				CLANG_WARN_QUOTED_INCLUDE_IN_FRAMEWORK_HEADER = YES;
				CLANG_WARN_RANGE_LOOP_ANALYSIS = YES;
				CLANG_WARN_STRICT_PROTOTYPES = YES;
				CLANG_WARN_SUSPICIOUS_MOVE = YES;
				CLANG_WARN_UNGUARDED_AVAILABILITY = YES_AGGRESSIVE;
				CLANG_WARN_UNREACHABLE_CODE = YES;
				CLANG_WARN__DUPLICATE_METHOD_MATCH = YES;
				COPY_PHASE_STRIP = NO;
				DEBUG_INFORMATION_FORMAT = "dwarf-with-dsym";
				ENABLE_NS_ASSERTIONS = NO;
				ENABLE_STRICT_OBJC_MSGSEND = YES;
				GCC_C_LANGUAGE_STANDARD = gnu11;
				GCC_NO_COMMON_BLOCKS = YES;
				GCC_WARN_64_TO_32_BIT_CONVERSION = YES;
				GCC_WARN_ABOUT_RETURN_TYPE = YES_ERROR;
				GCC_WARN_UNDECLARED_SELECTOR = YES;
				GCC_WARN_UNINITIALIZED_AUTOS = YES_AGGRESSIVE;
				GCC_WARN_UNUSED_FUNCTION = YES;
				GCC_WARN_UNUSED_VARIABLE = YES;
				IPHONEOS_DEPLOYMENT_TARGET = 15.0;
				MTL_ENABLE_DEBUG_INFO = NO;
				MTL_FAST_MATH = YES;
				SDKROOT = iphoneos;
				SWIFT_COMPILATION_MODE = wholemodule;
				SWIFT_OPTIMIZATION_LEVEL = "-O";
				VALIDATE_PRODUCT = YES;
			};
			name = Release;
		};
		82882E9F271DA40D00BA5CCB /* Debug */ = {
			isa = XCBuildConfiguration;
			buildSettings = {
				ASSETCATALOG_COMPILER_APPICON_NAME = AppIcon;
				ASSETCATALOG_COMPILER_GLOBAL_ACCENT_COLOR_NAME = AccentColor;
				CODE_SIGN_STYLE = Automatic;
				CURRENT_PROJECT_VERSION = 1;
				DEVELOPMENT_TEAM = HJ3L29UH3U;
				GENERATE_INFOPLIST_FILE = YES;
				INFOPLIST_FILE = Elefantes/Info.plist;
				INFOPLIST_KEY_UIApplicationSupportsIndirectInputEvents = YES;
				INFOPLIST_KEY_UISupportedInterfaceOrientations_iPad = "UIInterfaceOrientationPortrait UIInterfaceOrientationPortraitUpsideDown UIInterfaceOrientationLandscapeLeft UIInterfaceOrientationLandscapeRight";
				INFOPLIST_KEY_UISupportedInterfaceOrientations_iPhone = "UIInterfaceOrientationPortrait UIInterfaceOrientationLandscapeLeft UIInterfaceOrientationLandscapeRight";
				LD_RUNPATH_SEARCH_PATHS = (
					"$(inherited)",
					"@executable_path/Frameworks",
				);
				MARKETING_VERSION = 1.0;
				PRODUCT_BUNDLE_IDENTIFIER = appelefantes.Elefantes;
				PRODUCT_NAME = "$(TARGET_NAME)";
				SWIFT_EMIT_LOC_STRINGS = YES;
				SWIFT_VERSION = 5.0;
				TARGETED_DEVICE_FAMILY = "1,2";
			};
			name = Debug;
		};
		82882EA0271DA40D00BA5CCB /* Release */ = {
			isa = XCBuildConfiguration;
			buildSettings = {
				ASSETCATALOG_COMPILER_APPICON_NAME = AppIcon;
				ASSETCATALOG_COMPILER_GLOBAL_ACCENT_COLOR_NAME = AccentColor;
				CODE_SIGN_STYLE = Automatic;
				CURRENT_PROJECT_VERSION = 1;
				DEVELOPMENT_TEAM = HJ3L29UH3U;
				GENERATE_INFOPLIST_FILE = YES;
				INFOPLIST_FILE = Elefantes/Info.plist;
				INFOPLIST_KEY_UIApplicationSupportsIndirectInputEvents = YES;
				INFOPLIST_KEY_UISupportedInterfaceOrientations_iPad = "UIInterfaceOrientationPortrait UIInterfaceOrientationPortraitUpsideDown UIInterfaceOrientationLandscapeLeft UIInterfaceOrientationLandscapeRight";
				INFOPLIST_KEY_UISupportedInterfaceOrientations_iPhone = "UIInterfaceOrientationPortrait UIInterfaceOrientationLandscapeLeft UIInterfaceOrientationLandscapeRight";
				LD_RUNPATH_SEARCH_PATHS = (
					"$(inherited)",
					"@executable_path/Frameworks",
				);
				MARKETING_VERSION = 1.0;
				PRODUCT_BUNDLE_IDENTIFIER = appelefantes.Elefantes;
				PRODUCT_NAME = "$(TARGET_NAME)";
				SWIFT_EMIT_LOC_STRINGS = YES;
				SWIFT_VERSION = 5.0;
				TARGETED_DEVICE_FAMILY = "1,2";
			};
			name = Release;
		};
/* End XCBuildConfiguration section */

/* Begin XCConfigurationList section */
		82882E85271DA40B00BA5CCB /* Build configuration list for PBXProject "Elefantes" */ = {
			isa = XCConfigurationList;
			buildConfigurations = (
				82882E9C271DA40D00BA5CCB /* Debug */,
				82882E9D271DA40D00BA5CCB /* Release */,
			);
			defaultConfigurationIsVisible = 0;
			defaultConfigurationName = Release;
		};
		82882E9E271DA40D00BA5CCB /* Build configuration list for PBXNativeTarget "Elefantes" */ = {
			isa = XCConfigurationList;
			buildConfigurations = (
				82882E9F271DA40D00BA5CCB /* Debug */,
				82882EA0271DA40D00BA5CCB /* Release */,
			);
			defaultConfigurationIsVisible = 0;
			defaultConfigurationName = Release;
		};
/* End XCConfigurationList section */
	};
	rootObject = 82882E82271DA40B00BA5CCB /* Project object */;
}
